{
  "version": 4,
  "terraform_version": "1.11.2",
  "serial": 397,
  "lineage": "452f634b-2672-07c3-9df3-422837515167",
  "outputs": {
    "cloudstack_private_ip": {
      "value": "10.0.1.18",
      "type": "string"
    },
    "cloudstack_public_ip": {
      "value": "3.250.67.244",
      "type": "string"
    },
    "cloudstack_ui_urls": {
      "value": {
        "http": "http://3.250.67.244:8080/client",
        "https": "https://3.250.67.244:8443/client"
      },
      "type": [
        "object",
        {
          "http": "string",
          "https": "string"
        }
      ]
    },
    "kvm_cloudbr1_ip": {
      "value": "10.0.2.211",
      "type": "string"
    },
    "kvm_public_ip": {
      "value": "63.32.196.14",
      "type": "string"
    },
    "private_key_path": {
      "value": "/home/farencibia/.ssh/cloudstack-key.pem",
      "type": "string"
    },
    "ssh_connection_cloudstack": {
      "value": "ssh -i /home/farencibia/.ssh/cloudstack-key.pem ubuntu@3.250.67.244",
      "type": "string"
    },
    "ssh_connection_kvm": {
      "value": "ssh -i /home/farencibia/.ssh/cloudstack-key.pem ubuntu@63.32.196.14",
      "type": "string"
    },
    "vpc_id": {
      "value": "vpc-05c049ca778ec3cfc",
      "type": "string"
    }
  },
  "resources": [
    {
      "mode": "data",
      "type": "aws_ami",
      "name": "ubuntu",
      "provider": "provider[\"registry.terraform.io/hashicorp/aws\"]",
      "instances": [
        {
          "schema_version": 0,
          "attributes": {
            "architecture": "x86_64",
            "arn": "arn:aws:ec2:eu-west-1::image/ami-01c7096235204c7be",
            "block_device_mappings": [
              {
                "device_name": "/dev/sda1",
                "ebs": {
                  "delete_on_termination": "true",
                  "encrypted": "false",
                  "iops": "0",
                  "snapshot_id": "snap-0952c24609c163256",
                  "throughput": "0",
                  "volume_size": "8",
                  "volume_type": "gp2"
                },
                "no_device": "",
                "virtual_name": ""
              },
              {
                "device_name": "/dev/sdb",
                "ebs": {},
                "no_device": "",
                "virtual_name": "ephemeral0"
              },
              {
                "device_name": "/dev/sdc",
                "ebs": {},
                "no_device": "",
                "virtual_name": "ephemeral1"
              }
            ],
            "boot_mode": "uefi-preferred",
            "creation_date": "2025-03-27T06:51:40.000Z",
            "deprecation_time": "2027-03-27T06:51:40.000Z",
            "description": "Canonical, Ubuntu, 22.04, amd64 jammy image",
            "ena_support": true,
            "executable_users": null,
            "filter": [
              {
                "name": "name",
                "values": [
                  "ubuntu/images/hvm-ssd/ubuntu-jammy-22.04-amd64-server-*"
                ]
              },
              {
                "name": "virtualization-type",
                "values": [
                  "hvm"
                ]
              }
            ],
            "hypervisor": "xen",
            "id": "ami-01c7096235204c7be",
            "image_id": "ami-01c7096235204c7be",
            "image_location": "amazon/ubuntu/images/hvm-ssd/ubuntu-jammy-22.04-amd64-server-20250327",
            "image_owner_alias": "amazon",
            "image_type": "machine",
            "imds_support": "",
            "include_deprecated": false,
            "kernel_id": "",
            "most_recent": true,
            "name": "ubuntu/images/hvm-ssd/ubuntu-jammy-22.04-amd64-server-20250327",
            "name_regex": null,
            "owner_id": "099720109477",
            "owners": [
              "099720109477"
            ],
            "platform": "",
            "platform_details": "Linux/UNIX",
            "product_codes": [],
            "public": true,
            "ramdisk_id": "",
            "root_device_name": "/dev/sda1",
            "root_device_type": "ebs",
            "root_snapshot_id": "snap-0952c24609c163256",
            "sriov_net_support": "simple",
            "state": "available",
            "state_reason": {
              "code": "UNSET",
              "message": "UNSET"
            },
            "tags": {},
            "timeouts": null,
            "tpm_support": "",
            "uefi_data": null,
            "usage_operation": "RunInstances",
            "virtualization_type": "hvm"
          },
          "sensitive_attributes": []
        }
      ]
    },
    {
      "mode": "managed",
      "type": "aws_eip",
      "name": "kvm",
      "provider": "provider[\"registry.terraform.io/hashicorp/aws\"]",
      "instances": [
        {
          "schema_version": 0,
          "attributes": {
            "address": null,
            "allocation_id": "eipalloc-05e1792c64e61314c",
            "arn": "arn:aws:ec2:eu-west-1:277892772912:elastic-ip/eipalloc-05e1792c64e61314c",
            "associate_with_private_ip": null,
            "association_id": "eipassoc-068caf3aeda1d5712",
            "carrier_ip": "",
            "customer_owned_ip": "",
            "customer_owned_ipv4_pool": "",
            "domain": "vpc",
            "id": "eipalloc-05e1792c64e61314c",
            "instance": "",
            "ipam_pool_id": null,
            "network_border_group": "eu-west-1",
            "network_interface": "eni-0f7105fb9434a14b9",
            "private_dns": "ip-10-0-1-16.eu-west-1.compute.internal",
            "private_ip": "10.0.1.16",
            "ptr_record": "",
            "public_dns": "ec2-63-32-196-14.eu-west-1.compute.amazonaws.com",
            "public_ip": "63.32.196.14",
            "public_ipv4_pool": "amazon",
            "tags": {
              "Name": "kvm-eip"
            },
            "tags_all": {
              "Name": "kvm-eip"
            },
            "timeouts": null,
            "vpc": true
          },
          "sensitive_attributes": [],
          "private": "eyJlMmJmYjczMC1lY2FhLTExZTYtOGY4OC0zNDM2M2JjN2M0YzAiOnsiZGVsZXRlIjoxODAwMDAwMDAwMDAsInJlYWQiOjkwMDAwMDAwMDAwMCwidXBkYXRlIjozMDAwMDAwMDAwMDB9fQ==",
          "dependencies": [
            "aws_network_interface.kvm_primary",
            "aws_security_group.cloudstack",
            "aws_security_group.kvm",
            "aws_subnet.main",
            "aws_vpc.main"
          ]
        }
      ]
    },
    {
      "mode": "managed",
      "type": "aws_instance",
      "name": "cloudstack",
      "provider": "provider[\"registry.terraform.io/hashicorp/aws\"]",
      "instances": [
        {
          "schema_version": 1,
          "attributes": {
            "ami": "ami-01c7096235204c7be",
            "arn": "arn:aws:ec2:eu-west-1:277892772912:instance/i-0ac61c7d2850c26f3",
            "associate_public_ip_address": true,
            "availability_zone": "eu-west-1a",
            "capacity_reservation_specification": [
              {
                "capacity_reservation_preference": "open",
                "capacity_reservation_target": []
              }
            ],
            "cpu_core_count": 1,
            "cpu_options": [
              {
                "amd_sev_snp": "",
                "core_count": 1,
                "threads_per_core": 2
              }
            ],
            "cpu_threads_per_core": 2,
            "credit_specification": [
              {
                "cpu_credits": "unlimited"
              }
            ],
            "disable_api_stop": false,
            "disable_api_termination": false,
            "ebs_block_device": [],
            "ebs_optimized": false,
            "enable_primary_ipv6": null,
            "enclave_options": [
              {
                "enabled": false
              }
            ],
            "ephemeral_block_device": [],
            "get_password_data": false,
            "hibernation": false,
            "host_id": "",
            "host_resource_group_arn": null,
            "iam_instance_profile": "",
            "id": "i-0ac61c7d2850c26f3",
            "instance_initiated_shutdown_behavior": "stop",
            "instance_lifecycle": "",
            "instance_market_options": [],
            "instance_state": "running",
            "instance_type": "t3.medium",
            "ipv6_address_count": 0,
            "ipv6_addresses": [],
            "key_name": "cloudstack-key",
            "launch_template": [],
            "maintenance_options": [
              {
                "auto_recovery": "default"
              }
            ],
            "metadata_options": [
              {
                "http_endpoint": "enabled",
                "http_protocol_ipv6": "disabled",
                "http_put_response_hop_limit": 1,
                "http_tokens": "optional",
                "instance_metadata_tags": "disabled"
              }
            ],
            "monitoring": false,
            "network_interface": [],
            "outpost_arn": "",
            "password_data": "",
            "placement_group": "",
            "placement_partition_number": 0,
            "primary_network_interface_id": "eni-083ee21a46711e771",
            "private_dns": "ip-10-0-1-18.eu-west-1.compute.internal",
            "private_dns_name_options": [
              {
                "enable_resource_name_dns_a_record": false,
                "enable_resource_name_dns_aaaa_record": false,
                "hostname_type": "ip-name"
              }
            ],
            "private_ip": "10.0.1.18",
            "public_dns": "ec2-3-250-67-244.eu-west-1.compute.amazonaws.com",
            "public_ip": "3.250.67.244",
            "root_block_device": [
              {
                "delete_on_termination": true,
                "device_name": "/dev/sda1",
                "encrypted": false,
                "iops": 150,
                "kms_key_id": "",
                "tags": null,
                "tags_all": {},
                "throughput": 0,
                "volume_id": "vol-0d6de751580b2f264",
                "volume_size": 50,
                "volume_type": "gp2"
              }
            ],
            "secondary_private_ips": [],
            "security_groups": [],
            "source_dest_check": true,
            "spot_instance_request_id": "",
            "subnet_id": "subnet-0558623b258fd7ac3",
            "tags": {
              "Name": "cloudstack-node"
            },
            "tags_all": {
              "Name": "cloudstack-node"
            },
            "tenancy": "default",
            "timeouts": null,
            "user_data": null,
            "user_data_base64": null,
            "user_data_replace_on_change": false,
            "volume_tags": null,
            "vpc_security_group_ids": [
              "sg-0a43914f167d1e70e"
            ]
          },
          "sensitive_attributes": [],
          "private": "eyJlMmJmYjczMC1lY2FhLTExZTYtOGY4OC0zNDM2M2JjN2M0YzAiOnsiY3JlYXRlIjo2MDAwMDAwMDAwMDAsImRlbGV0ZSI6MTIwMDAwMDAwMDAwMCwicmVhZCI6OTAwMDAwMDAwMDAwLCJ1cGRhdGUiOjYwMDAwMDAwMDAwMH0sInNjaGVtYV92ZXJzaW9uIjoiMSJ9",
          "dependencies": [
            "aws_key_pair.generated",
            "aws_security_group.cloudstack",
            "aws_subnet.main",
            "aws_vpc.main",
            "data.aws_ami.ubuntu",
            "local_file.private_key",
            "tls_private_key.ssh"
          ]
        }
      ]
    },
    {
      "mode": "managed",
      "type": "aws_instance",
      "name": "kvm",
      "provider": "provider[\"registry.terraform.io/hashicorp/aws\"]",
      "instances": [
        {
          "status": "tainted",
          "schema_version": 1,
          "attributes": {
            "ami": "ami-01c7096235204c7be",
            "arn": "arn:aws:ec2:eu-west-1:277892772912:instance/i-09754c133c6a15fdb",
            "associate_public_ip_address": true,
            "availability_zone": "eu-west-1a",
            "capacity_reservation_specification": [
              {
                "capacity_reservation_preference": "open",
                "capacity_reservation_target": []
              }
            ],
            "cpu_core_count": 4,
            "cpu_options": [
              {
                "amd_sev_snp": "",
                "core_count": 4,
                "threads_per_core": 2
              }
            ],
            "cpu_threads_per_core": 2,
            "credit_specification": [],
            "disable_api_stop": false,
            "disable_api_termination": false,
            "ebs_block_device": [],
            "ebs_optimized": false,
            "enable_primary_ipv6": null,
            "enclave_options": [
              {
                "enabled": false
              }
            ],
            "ephemeral_block_device": [],
            "get_password_data": false,
            "hibernation": false,
            "host_id": "",
            "host_resource_group_arn": null,
            "iam_instance_profile": "",
            "id": "i-09754c133c6a15fdb",
            "instance_initiated_shutdown_behavior": "stop",
            "instance_lifecycle": "",
            "instance_market_options": [],
            "instance_state": "running",
            "instance_type": "m5.2xlarge",
            "ipv6_address_count": 0,
            "ipv6_addresses": [],
            "key_name": "cloudstack-key",
            "launch_template": [],
            "maintenance_options": [
              {
                "auto_recovery": "default"
              }
            ],
            "metadata_options": [
              {
                "http_endpoint": "enabled",
                "http_protocol_ipv6": "disabled",
                "http_put_response_hop_limit": 1,
                "http_tokens": "optional",
                "instance_metadata_tags": "disabled"
              }
            ],
            "monitoring": false,
            "network_interface": [
              {
                "delete_on_termination": false,
                "device_index": 0,
                "network_card_index": 0,
                "network_interface_id": "eni-0f7105fb9434a14b9"
              },
              {
                "delete_on_termination": false,
                "device_index": 1,
                "network_card_index": 0,
                "network_interface_id": "eni-098f0b49d4e66077a"
              }
            ],
            "outpost_arn": "",
            "password_data": "",
            "placement_group": "",
            "placement_partition_number": 0,
            "primary_network_interface_id": "eni-0f7105fb9434a14b9",
            "private_dns": "ip-10-0-1-16.eu-west-1.compute.internal",
            "private_dns_name_options": [
              {
                "enable_resource_name_dns_a_record": false,
                "enable_resource_name_dns_aaaa_record": false,
                "hostname_type": "ip-name"
              }
            ],
            "private_ip": "10.0.1.16",
            "public_dns": "ec2-63-32-196-14.eu-west-1.compute.amazonaws.com",
            "public_ip": "63.32.196.14",
            "root_block_device": [
              {
                "delete_on_termination": true,
                "device_name": "/dev/sda1",
                "encrypted": false,
                "iops": 300,
                "kms_key_id": "",
                "tags": null,
                "tags_all": {},
                "throughput": 0,
                "volume_id": "vol-01a57081517698730",
                "volume_size": 100,
                "volume_type": "gp2"
              }
            ],
            "secondary_private_ips": [],
            "security_groups": [],
            "source_dest_check": true,
            "spot_instance_request_id": "",
            "subnet_id": "subnet-0558623b258fd7ac3",
            "tags": {
              "Name": "kvm-node"
            },
            "tags_all": {
              "Name": "kvm-node"
            },
            "tenancy": "default",
            "timeouts": null,
            "user_data": null,
            "user_data_base64": null,
            "user_data_replace_on_change": false,
            "volume_tags": null,
            "vpc_security_group_ids": [
              "sg-09015688fbb4da028"
            ]
          },
          "sensitive_attributes": [],
          "private": "eyJlMmJmYjczMC1lY2FhLTExZTYtOGY4OC0zNDM2M2JjN2M0YzAiOnsiY3JlYXRlIjo2MDAwMDAwMDAwMDAsImRlbGV0ZSI6MTIwMDAwMDAwMDAwMCwicmVhZCI6OTAwMDAwMDAwMDAwLCJ1cGRhdGUiOjYwMDAwMDAwMDAwMH0sInNjaGVtYV92ZXJzaW9uIjoiMSJ9",
          "dependencies": [
            "aws_eip.kvm",
            "aws_instance.cloudstack",
            "aws_key_pair.generated",
            "aws_network_interface.kvm_cloudbr1",
            "aws_network_interface.kvm_primary",
            "aws_security_group.cloudstack",
            "aws_security_group.kvm",
            "aws_subnet.cloudbr1",
            "aws_subnet.main",
            "aws_vpc.main",
            "data.aws_ami.ubuntu",
            "local_file.private_key",
            "tls_private_key.ssh"
          ]
        }
      ]
    },
    {
      "mode": "managed",
      "type": "aws_internet_gateway",
      "name": "main",
      "provider": "provider[\"registry.terraform.io/hashicorp/aws\"]",
      "instances": [
        {
          "schema_version": 0,
          "attributes": {
            "arn": "arn:aws:ec2:eu-west-1:277892772912:internet-gateway/igw-09a5329fdc2878ffc",
            "id": "igw-09a5329fdc2878ffc",
            "owner_id": "277892772912",
            "tags": {
              "Name": "cloudstack-igw"
            },
            "tags_all": {
              "Name": "cloudstack-igw"
            },
            "timeouts": null,
            "vpc_id": "vpc-05c049ca778ec3cfc"
          },
          "sensitive_attributes": [],
          "private": "eyJlMmJmYjczMC1lY2FhLTExZTYtOGY4OC0zNDM2M2JjN2M0YzAiOnsiY3JlYXRlIjoxMjAwMDAwMDAwMDAwLCJkZWxldGUiOjEyMDAwMDAwMDAwMDAsInVwZGF0ZSI6MTIwMDAwMDAwMDAwMH19",
          "dependencies": [
            "aws_vpc.main"
          ]
        }
      ]
    },
    {
      "mode": "managed",
      "type": "aws_key_pair",
      "name": "generated",
      "provider": "provider[\"registry.terraform.io/hashicorp/aws\"]",
      "instances": [
        {
          "schema_version": 1,
          "attributes": {
            "arn": "arn:aws:ec2:eu-west-1:277892772912:key-pair/cloudstack-key",
            "fingerprint": "b6:fe:8d:0d:fc:42:ff:25:78:3f:64:e2:68:37:32:d0",
            "id": "cloudstack-key",
            "key_name": "cloudstack-key",
            "key_name_prefix": "",
            "key_pair_id": "key-0da1e5351667a69e7",
            "key_type": "rsa",
            "public_key": "ssh-rsa AAAAB3NzaC1yc2EAAAADAQABAAACAQDCuHfDLGrG4JDf2yxb5ZGmoahe0F7qlv0PVUv0W7IduUWfpi6ZWJraZg2977Ku5viI9DRfzFVy1Blp4g/rgtbw2u8/U0NQPh4FwWFE3TzFIiJgOsCw5j2lilatWY+vYCHgxsFYWPxUXugmHsq3QqrFC1A1ui7yusds8vRUaJLiX0i2PeJxpj78+EWDvicXvBMzhG/9aOZAPxG3ZLFSGUJo0T04aaqWznTt+AzkY8DPbwnUjCqrnY8OON5kAZxvilxWFHnjg2ThIS3mEE0R7e7XXgdBLn2vCd+47LwoW4+D96C2a99rZrf8ySEv4eYtVFF57aJ/sYf7w4yYiEpaeQ9BTy1mLwbJxLTaZyEV+lIPKgR8Mb3TbkhvzMLLWN9uNLYv3MT6ux9iQ+HWvVNwh8ZyCWU2004Mn3WdSE7GePBFz/YyhqPiVuM+VHTBQ4pLXQqAoXF1pbVsKEOuIbLC7cZPnF9Ebon+NPB4gHl5e5497OlQu2AJUWql2wU3ZtZZJG/Uk6nyIV3xLHlrNy0V4t03IjhqQ1fLXQw6XYnVNsTvxvkSJrXpMtVNwTeMkWaKK6/N9GqruZpWnU7PNxIbvlpH4Mww9Is8NqiJLdvbMpISvN5RffadGK8vxRUZdXGCR0ts6rSN7BAbf7yvMTx4jEqdpZ38CTpOk1vxAPNZIAKslQ==",
            "tags": null,
            "tags_all": {}
          },
          "sensitive_attributes": [],
          "private": "eyJzY2hlbWFfdmVyc2lvbiI6IjEifQ==",
          "dependencies": [
            "local_file.private_key",
            "tls_private_key.ssh"
          ]
        }
      ]
    },
    {
      "mode": "managed",
      "type": "aws_network_interface",
      "name": "kvm_cloudbr1",
      "provider": "provider[\"registry.terraform.io/hashicorp/aws\"]",
      "instances": [
        {
          "schema_version": 0,
          "attributes": {
            "arn": "arn:aws:ec2:eu-west-1:277892772912:network-interface/eni-098f0b49d4e66077a",
            "attachment": [],
            "description": "",
            "enable_primary_ipv6": null,
            "id": "eni-098f0b49d4e66077a",
            "interface_type": "interface",
            "ipv4_prefix_count": 0,
            "ipv4_prefixes": [],
            "ipv6_address_count": 0,
            "ipv6_address_list": [],
            "ipv6_address_list_enabled": false,
            "ipv6_addresses": [],
            "ipv6_prefix_count": 0,
            "ipv6_prefixes": [],
            "mac_address": "0a:4f:d4:2d:ee:b1",
            "outpost_arn": "",
            "owner_id": "277892772912",
            "private_dns_name": "ip-10-0-2-211.eu-west-1.compute.internal",
            "private_ip": "10.0.2.211",
            "private_ip_list": [
              "10.0.2.211"
            ],
            "private_ip_list_enabled": false,
            "private_ips": [
              "10.0.2.211"
            ],
            "private_ips_count": 0,
            "security_groups": [
              "sg-09015688fbb4da028"
            ],
            "source_dest_check": true,
            "subnet_id": "subnet-0884c3676981819c2",
            "tags": {
              "Name": "kvm-cloudbr1"
            },
            "tags_all": {
              "Name": "kvm-cloudbr1"
            }
          },
          "sensitive_attributes": [],
          "private": "bnVsbA==",
          "dependencies": [
            "aws_security_group.cloudstack",
            "aws_security_group.kvm",
            "aws_subnet.cloudbr1",
            "aws_vpc.main"
          ]
        }
      ]
    },
    {
      "mode": "managed",
      "type": "aws_network_interface",
      "name": "kvm_primary",
      "provider": "provider[\"registry.terraform.io/hashicorp/aws\"]",
      "instances": [
        {
          "schema_version": 0,
          "attributes": {
            "arn": "arn:aws:ec2:eu-west-1:277892772912:network-interface/eni-0f7105fb9434a14b9",
            "attachment": [],
            "description": "",
            "enable_primary_ipv6": null,
            "id": "eni-0f7105fb9434a14b9",
            "interface_type": "interface",
            "ipv4_prefix_count": 0,
            "ipv4_prefixes": [],
            "ipv6_address_count": 0,
            "ipv6_address_list": [],
            "ipv6_address_list_enabled": false,
            "ipv6_addresses": [],
            "ipv6_prefix_count": 0,
            "ipv6_prefixes": [],
            "mac_address": "0a:80:24:6f:e1:5b",
            "outpost_arn": "",
            "owner_id": "277892772912",
            "private_dns_name": "ip-10-0-1-16.eu-west-1.compute.internal",
            "private_ip": "10.0.1.16",
            "private_ip_list": [
              "10.0.1.16"
            ],
            "private_ip_list_enabled": false,
            "private_ips": [
              "10.0.1.16"
            ],
            "private_ips_count": 0,
            "security_groups": [
              "sg-09015688fbb4da028"
            ],
            "source_dest_check": true,
            "subnet_id": "subnet-0558623b258fd7ac3",
            "tags": {
              "Name": "kvm-primary"
            },
            "tags_all": {
              "Name": "kvm-primary"
            }
          },
          "sensitive_attributes": [],
          "private": "bnVsbA==",
          "dependencies": [
            "aws_security_group.cloudstack",
            "aws_security_group.kvm",
            "aws_subnet.main",
            "aws_vpc.main"
          ]
        }
      ]
    },
    {
      "mode": "managed",
      "type": "aws_route_table",
      "name": "main",
      "provider": "provider[\"registry.terraform.io/hashicorp/aws\"]",
      "instances": [
        {
          "schema_version": 0,
          "attributes": {
            "arn": "arn:aws:ec2:eu-west-1:277892772912:route-table/rtb-0ff138bd5a6a16756",
            "id": "rtb-0ff138bd5a6a16756",
            "owner_id": "277892772912",
            "propagating_vgws": [],
            "route": [
              {
                "carrier_gateway_id": "",
                "cidr_block": "0.0.0.0/0",
                "core_network_arn": "",
                "destination_prefix_list_id": "",
                "egress_only_gateway_id": "",
                "gateway_id": "igw-09a5329fdc2878ffc",
                "ipv6_cidr_block": "",
                "local_gateway_id": "",
                "nat_gateway_id": "",
                "network_interface_id": "",
                "transit_gateway_id": "",
                "vpc_endpoint_id": "",
                "vpc_peering_connection_id": ""
              }
            ],
            "tags": {
              "Name": "cloudstack-rt"
            },
            "tags_all": {
              "Name": "cloudstack-rt"
            },
            "timeouts": null,
            "vpc_id": "vpc-05c049ca778ec3cfc"
          },
          "sensitive_attributes": [],
          "private": "eyJlMmJmYjczMC1lY2FhLTExZTYtOGY4OC0zNDM2M2JjN2M0YzAiOnsiY3JlYXRlIjozMDAwMDAwMDAwMDAsImRlbGV0ZSI6MzAwMDAwMDAwMDAwLCJ1cGRhdGUiOjEyMDAwMDAwMDAwMH19",
          "dependencies": [
            "aws_internet_gateway.main",
            "aws_vpc.main"
          ]
        }
      ]
    },
    {
      "mode": "managed",
      "type": "aws_route_table_association",
      "name": "main",
      "provider": "provider[\"registry.terraform.io/hashicorp/aws\"]",
      "instances": [
        {
          "schema_version": 0,
          "attributes": {
            "gateway_id": "",
            "id": "rtbassoc-0dee12d08daae5e6e",
            "route_table_id": "rtb-0ff138bd5a6a16756",
            "subnet_id": "subnet-0558623b258fd7ac3",
            "timeouts": null
          },
          "sensitive_attributes": [],
          "private": "eyJlMmJmYjczMC1lY2FhLTExZTYtOGY4OC0zNDM2M2JjN2M0YzAiOnsiY3JlYXRlIjozMDAwMDAwMDAwMDAsImRlbGV0ZSI6MzAwMDAwMDAwMDAwLCJ1cGRhdGUiOjEyMDAwMDAwMDAwMH19",
          "dependencies": [
            "aws_internet_gateway.main",
            "aws_route_table.main",
            "aws_subnet.main",
            "aws_vpc.main"
          ]
        }
      ]
    },
    {
      "mode": "managed",
      "type": "aws_security_group",
      "name": "cloudstack",
      "provider": "provider[\"registry.terraform.io/hashicorp/aws\"]",
      "instances": [
        {
          "schema_version": 1,
          "attributes": {
            "arn": "arn:aws:ec2:eu-west-1:277892772912:security-group/sg-0a43914f167d1e70e",
            "description": "Security group for CloudStack node",
            "egress": [
              {
                "cidr_blocks": [
                  "0.0.0.0/0"
                ],
                "description": "",
                "from_port": 0,
                "ipv6_cidr_blocks": [],
                "prefix_list_ids": [],
                "protocol": "-1",
                "security_groups": [],
                "self": false,
                "to_port": 0
              }
            ],
            "id": "sg-0a43914f167d1e70e",
            "ingress": [
              {
                "cidr_blocks": [
                  "0.0.0.0/0"
                ],
                "description": "",
                "from_port": 22,
                "ipv6_cidr_blocks": [],
                "prefix_list_ids": [],
                "protocol": "tcp",
                "security_groups": [],
                "self": false,
                "to_port": 22
              },
              {
                "cidr_blocks": [
                  "0.0.0.0/0"
                ],
                "description": "",
                "from_port": 8080,
                "ipv6_cidr_blocks": [],
                "prefix_list_ids": [],
                "protocol": "tcp",
                "security_groups": [],
                "self": false,
                "to_port": 8080
              },
              {
                "cidr_blocks": [
                  "0.0.0.0/0"
                ],
                "description": "",
                "from_port": 8443,
                "ipv6_cidr_blocks": [],
                "prefix_list_ids": [],
                "protocol": "tcp",
                "security_groups": [],
                "self": false,
                "to_port": 8443
              }
            ],
            "name": "cloudstack-sg",
            "name_prefix": "",
            "owner_id": "277892772912",
            "revoke_rules_on_delete": false,
            "tags": {
              "Name": "cloudstack-sg"
            },
            "tags_all": {
              "Name": "cloudstack-sg"
            },
            "timeouts": null,
            "vpc_id": "vpc-05c049ca778ec3cfc"
          },
          "sensitive_attributes": [],
          "private": "eyJlMmJmYjczMC1lY2FhLTExZTYtOGY4OC0zNDM2M2JjN2M0YzAiOnsiY3JlYXRlIjo2MDAwMDAwMDAwMDAsImRlbGV0ZSI6OTAwMDAwMDAwMDAwfSwic2NoZW1hX3ZlcnNpb24iOiIxIn0=",
          "dependencies": [
            "aws_vpc.main"
          ]
        }
      ]
    },
    {
      "mode": "managed",
      "type": "aws_security_group",
      "name": "kvm",
      "provider": "provider[\"registry.terraform.io/hashicorp/aws\"]",
      "instances": [
        {
          "schema_version": 1,
          "attributes": {
            "arn": "arn:aws:ec2:eu-west-1:277892772912:security-group/sg-09015688fbb4da028",
            "description": "Security group for KVM node",
            "egress": [
              {
                "cidr_blocks": [
                  "0.0.0.0/0"
                ],
                "description": "",
                "from_port": 0,
                "ipv6_cidr_blocks": [],
                "prefix_list_ids": [],
                "protocol": "-1",
                "security_groups": [],
                "self": false,
                "to_port": 0
              }
            ],
            "id": "sg-09015688fbb4da028",
            "ingress": [
              {
                "cidr_blocks": [
                  "0.0.0.0/0"
                ],
                "description": "",
                "from_port": 22,
                "ipv6_cidr_blocks": [],
                "prefix_list_ids": [],
                "protocol": "tcp",
                "security_groups": [],
                "self": false,
                "to_port": 22
              },
              {
                "cidr_blocks": [],
                "description": "",
                "from_port": 0,
                "ipv6_cidr_blocks": [],
                "prefix_list_ids": [],
                "protocol": "-1",
                "security_groups": [
                  "sg-0a43914f167d1e70e"
                ],
                "self": false,
                "to_port": 0
              }
            ],
            "name": "kvm-sg",
            "name_prefix": "",
            "owner_id": "277892772912",
            "revoke_rules_on_delete": false,
            "tags": {
              "Name": "kvm-sg"
            },
            "tags_all": {
              "Name": "kvm-sg"
            },
            "timeouts": null,
            "vpc_id": "vpc-05c049ca778ec3cfc"
          },
          "sensitive_attributes": [],
          "private": "eyJlMmJmYjczMC1lY2FhLTExZTYtOGY4OC0zNDM2M2JjN2M0YzAiOnsiY3JlYXRlIjo2MDAwMDAwMDAwMDAsImRlbGV0ZSI6OTAwMDAwMDAwMDAwfSwic2NoZW1hX3ZlcnNpb24iOiIxIn0=",
          "dependencies": [
            "aws_security_group.cloudstack",
            "aws_vpc.main"
          ]
        }
      ]
    },
    {
      "mode": "managed",
      "type": "aws_subnet",
      "name": "cloudbr1",
      "provider": "provider[\"registry.terraform.io/hashicorp/aws\"]",
      "instances": [
        {
          "schema_version": 1,
          "attributes": {
            "arn": "arn:aws:ec2:eu-west-1:277892772912:subnet/subnet-0884c3676981819c2",
            "assign_ipv6_address_on_creation": false,
            "availability_zone": "eu-west-1a",
            "availability_zone_id": "euw1-az3",
            "cidr_block": "10.0.2.0/24",
            "customer_owned_ipv4_pool": "",
            "enable_dns64": false,
            "enable_lni_at_device_index": 0,
            "enable_resource_name_dns_a_record_on_launch": false,
            "enable_resource_name_dns_aaaa_record_on_launch": false,
            "id": "subnet-0884c3676981819c2",
            "ipv6_cidr_block": "",
            "ipv6_cidr_block_association_id": "",
            "ipv6_native": false,
            "map_customer_owned_ip_on_launch": false,
            "map_public_ip_on_launch": false,
            "outpost_arn": "",
            "owner_id": "277892772912",
            "private_dns_hostname_type_on_launch": "ip-name",
            "tags": {
              "Name": "cloudstack-cloudbr1"
            },
            "tags_all": {
              "Name": "cloudstack-cloudbr1"
            },
            "timeouts": null,
            "vpc_id": "vpc-05c049ca778ec3cfc"
          },
          "sensitive_attributes": [],
          "private": "eyJlMmJmYjczMC1lY2FhLTExZTYtOGY4OC0zNDM2M2JjN2M0YzAiOnsiY3JlYXRlIjo2MDAwMDAwMDAwMDAsImRlbGV0ZSI6MTIwMDAwMDAwMDAwMH0sInNjaGVtYV92ZXJzaW9uIjoiMSJ9",
          "dependencies": [
            "aws_vpc.main"
          ]
        }
      ]
    },
    {
      "mode": "managed",
      "type": "aws_subnet",
      "name": "main",
      "provider": "provider[\"registry.terraform.io/hashicorp/aws\"]",
      "instances": [
        {
          "schema_version": 1,
          "attributes": {
            "arn": "arn:aws:ec2:eu-west-1:277892772912:subnet/subnet-0558623b258fd7ac3",
            "assign_ipv6_address_on_creation": false,
            "availability_zone": "eu-west-1a",
            "availability_zone_id": "euw1-az3",
            "cidr_block": "10.0.1.0/24",
            "customer_owned_ipv4_pool": "",
            "enable_dns64": false,
            "enable_lni_at_device_index": 0,
            "enable_resource_name_dns_a_record_on_launch": false,
            "enable_resource_name_dns_aaaa_record_on_launch": false,
            "id": "subnet-0558623b258fd7ac3",
            "ipv6_cidr_block": "",
            "ipv6_cidr_block_association_id": "",
            "ipv6_native": false,
            "map_customer_owned_ip_on_launch": false,
            "map_public_ip_on_launch": true,
            "outpost_arn": "",
            "owner_id": "277892772912",
            "private_dns_hostname_type_on_launch": "ip-name",
            "tags": {
              "Name": "cloudstack-subnet"
            },
            "tags_all": {
              "Name": "cloudstack-subnet"
            },
            "timeouts": null,
            "vpc_id": "vpc-05c049ca778ec3cfc"
          },
          "sensitive_attributes": [],
          "private": "eyJlMmJmYjczMC1lY2FhLTExZTYtOGY4OC0zNDM2M2JjN2M0YzAiOnsiY3JlYXRlIjo2MDAwMDAwMDAwMDAsImRlbGV0ZSI6MTIwMDAwMDAwMDAwMH0sInNjaGVtYV92ZXJzaW9uIjoiMSJ9",
          "dependencies": [
            "aws_vpc.main"
          ]
        }
      ]
    },
    {
      "mode": "managed",
      "type": "aws_vpc",
      "name": "main",
      "provider": "provider[\"registry.terraform.io/hashicorp/aws\"]",
      "instances": [
        {
          "schema_version": 1,
          "attributes": {
            "arn": "arn:aws:ec2:eu-west-1:277892772912:vpc/vpc-05c049ca778ec3cfc",
            "assign_generated_ipv6_cidr_block": false,
            "cidr_block": "10.0.0.0/16",
            "default_network_acl_id": "acl-01d30ce18338ffc12",
            "default_route_table_id": "rtb-02057db4f15a03ab0",
            "default_security_group_id": "sg-01ac55d6e943d0b56",
            "dhcp_options_id": "dopt-1a1f0d7c",
            "enable_dns_hostnames": true,
            "enable_dns_support": true,
            "enable_network_address_usage_metrics": false,
            "id": "vpc-05c049ca778ec3cfc",
            "instance_tenancy": "default",
            "ipv4_ipam_pool_id": null,
            "ipv4_netmask_length": null,
            "ipv6_association_id": "",
            "ipv6_cidr_block": "",
            "ipv6_cidr_block_network_border_group": "",
            "ipv6_ipam_pool_id": "",
            "ipv6_netmask_length": 0,
            "main_route_table_id": "rtb-02057db4f15a03ab0",
            "owner_id": "277892772912",
            "tags": {
              "Name": "cloudstack-vpc"
            },
            "tags_all": {
              "Name": "cloudstack-vpc"
            }
          },
          "sensitive_attributes": [],
          "private": "eyJzY2hlbWFfdmVyc2lvbiI6IjEifQ=="
        }
      ]
    },
    {
      "mode": "managed",
      "type": "local_file",
      "name": "private_key",
      "provider": "provider[\"registry.terraform.io/hashicorp/local\"]",
      "instances": [
        {
          "schema_version": 0,
          "attributes": {
            "content": "-----BEGIN RSA PRIVATE KEY-----\nMIIJKQIBAAKCAgEAwrh3wyxqxuCQ39ssW+WRpqGoXtBe6pb9D1VL9FuyHblFn6Yu\nmVia2mYNve+yrub4iPQ0X8xVctQZaeIP64LW8NrvP1NDUD4eBcFhRN08xSIiYDrA\nsOY9pYpWrVmPr2Ah4MbBWFj8VF7oJh7Kt0KqxQtQNbou8rrHbPL0VGiS4l9Itj3i\ncaY+/PhFg74nF7wTM4Rv/WjmQD8Rt2SxUhlCaNE9OGmqls507fgM5GPAz28J1Iwq\nq52PDjjeZAGcb4pcVhR544Nk4SEt5hBNEe3u114HQS59rwnfuOy8KFuPg/egtmvf\na2a3/MkhL+HmLVRRee2if7GH+8OMmIhKWnkPQU8tZi8GycS02mchFfpSDyoEfDG9\n025Ib8zCy1jfbjS2L9zE+rsfYkPh1r1TcIfGcgllNtNODJ91nUhOxnjwRc/2Moaj\n4lbjPlR0wUOKS10KgKFxdaW1bChDriGywu3GT5xfRG6J/jTweIB5eXuePezpULtg\nCVFqpdsFN2bWWSRv1JOp8iFd8Sx5azctFeLdNyI4akNXy10MOl2J1TbE78b5Eia1\n6TLVTcE3jJFmiiuvzfRqq7maVp1OzzcSG75aR+DMMPSLPDaoiS3b2zKSErzeUX32\nnRivL8UVGXVxgkdLbOq0jewQG3+8rzE8eIxKnaWd/Ak6TpNb8QDzWSACrJUCAwEA\nAQKCAgBH8YweSozxCgu9Ceer1HgqDtR8o5ROLJc3URaNJEv8+3Uj9WyGL9yXENnG\n8YcdZC0zvLaVJpPzpzX0jxe+tkrgFqQKy6K1RR4mljpwDSXk2CXHVC3Zrlfcj+5S\ngiK6c1RRDl5lXAtuyNoRK5NOfo1F3FY4Y5/xAt2n/WQUw8ZxaS8eVmMSBpCDOt/E\nOz+KX2zgve/6uwVHe4X6MnPpl3eX7qcl7rSen41IVzu8LrcQbUA+jcM+QSqX4J8a\naBX6iC5xh4M5clSVcYLZ2+/9zeFPJWicxqadQ5KrapxidOHjqlxwyg50SjF0boOa\ng2ZeHSc1W32MnHVXqfqKaOC/6LafjzI5vzCL8iKBV9Kf9xIF8gHxxqFQnR947TBy\nTHDWG6Z7HblXRZstzSqrMhP/qYqKbCKdC3MUIzoecN9ScvoXjHOHHKYuT6Z/ymki\n3PJw96t76Ju+eCUBzGnJMXXEzYM21LJ+bQFJbg4VlCAFC074Tf1WWrf4Bm0S072y\nIdUhoHq0kk9JrSobBkVVpxXnN6CzYvzh+igjZm44c7kZvmB2+uifiPiWT0RX/71z\n6b4SOqmkVPG+Sii0NWCSsEGwP4jOL7u8vz1IoaUWvq9Vd/oKbwRR+7voHPLktANU\nuQsiTcVMnpKHJ2Jq0jpwGQ4cJNvxOXApPDYiCiXOrBpix1nsSQKCAQEA8gLiMPXJ\nxyNbiKtuUtJVQSqmEtqmoGNEkv/76V0ey+Xxx2tH+6joJdfSuC+bCYE/AjxQW0sm\nEpEFYTqNS5rbhSI5e9+Si4WiB3PKVsV5nZKckUPjllpc22CytRh/nzfqqDDkpJ/x\nL33HKslHKrG5fzHw5mUhgCJXPqO9PEZQUreQQmNoMoVzVXgqvny78X+9DUJdr+HG\nYyWUTJoTzUCcz/IWXO7h3bmPyOpI5q2VWxbptPik3nmN8RqjhROHeEkevGgJz/o0\n6rnQifRXa/KM6v84dnBAAUjDovYV1Zt9QM6dCxSKOYL8QuDpKcfXDPM4OjDUZ5DB\ntvn7jeTLDnczrwKCAQEAzfnPJbBK9nV79/tQOUrafk2w5lWum4cCtIjF9A3BGY55\nXwj/yh1xS9rb5ofk0/05DA3tnXUbpEbAQfDQIGiRG7+SnWRuWbQu6L8bL/QD8cnE\nmUjV/9dJONiFBXgh59sVN77zTNMgFGcLuft1q1wqd+7ayc/uc+qkvwKqUWRrIB8E\n+mSgw7vWn3QnSJbTjS6WkTSAKeJDqhrC4xlwAp/G3b4Hgbb3WTmFjgNC3zQ7Ejtm\nY0j4wOB6irPB9mo+PmbHZ7z6Iuq54C59ZRp+Q626Sj2ljp6+xXQQgNl2DlcYJt1K\npD0Edaimfn/wMnuozaO/xyNJ93l8R8dW4rYY0s0A+wKCAQARjif+STYT3fq71UOx\nelR437EgWQARTmIhD7SkXv7m5408XAnitYPxitBcUAe9DsUVUm650J+4ZRCw1uB9\nBYS7CZqF49friwwP4lRhKv4BcistVnFh7LgjqcYM4PQRBqtc+/75+igyu7sA3Yzu\nCepc0bCZ5egiNVuCzbnib29QMMSkLDXYxFlzb74aB05S3GNIXPIS2hvcAVPaoqqh\nDvjRFMyOfT2hKd7GQkh7g0f8TZMyb372LHchcD9AXgRLs3IpVJqxnYLNLCF2gGT/\nDZ8vRMhBvy7FaRPX9GXtEtRpKRO3RAwq09eculfvkfGFnPcNMZGW2adTsJqQ1nHs\nYLU9AoIBAQCKoUCvYBkECgyW2dmjxeKKsaWHUVHEsbi7Y3bADOXTWpYLxZXLJcfU\nQwhP/1Se7UaQ+2ra2C/zf/70Iq0hst8/as+2CRtQWrpbwgv9WWGyQZeFh4UovXA1\nx1y4UqOXVlfQfj9ojIyBzt0QntMSs2SN9f/hZoZaFCovuQ6C23BSXS5PjJy7QFhy\nV439CC54TkvejRRZnEToXzyd9sfxrDH/ml+ZCVku/00JSN6gNZowajQ+TKXHww4W\n/mdkfxtHiotZIdLE33CdFw0kmBE1Yd8JCra759IEOVrGLhaMDkheGACdy8eNnSX5\n7AfxIlN5nGV+FR06Z9SixuKOkfrhHkMzAoIBAQDf5eenXcVATuYwQTc6cRpMgADq\nWQWkUxHNPkWZEZNS4UJCmuKTicXt73k13dLGeFScbk5pEkqIKOB3SAcgP+5WT/AJ\nEn7gdMeAWAc5uZsF8x9Y80oqUcUNcbCC6eW4UTa9qw6lkmf4U15rWM2DXq4BgaCw\n7wZzIBncL3+5cqtt7lBFEZBY/FwOYYdQ0CWZAPVxUF5sq2cADKXBc01Rm/UHlXnc\n5EZch7k1Z8QLS/J8yFhq+YD8cFMi1UF4eaCnYuv9jrSPQ61t7cTnja2yc6fNRQsn\n+MWSLrgWajVQpzoY3xU3HzJJd4/2U/ZxRp6xIAaqWYQ2SIr7fU3T7KGMri50\n-----END RSA PRIVATE KEY-----\n",
            "content_base64": null,
            "content_base64sha256": "iOmOn7vizt2th5Z+N/NTnd5VeBb8tdhTqqH8kw5e1UY=",
            "content_base64sha512": "3Ofu+Ikf36SIsoPafeb5b5R3GXjOrCAtEYQmz7WgR+zGPKysfv0WsAn7Kt8HRSpcMovP/dw4pdqm/xNrl7/7vA==",
            "content_md5": "05af6a13845884d570583fd91b96779e",
            "content_sha1": "907153d1a1249d2c0bf4fad3b5fe7f8f15ea985a",
            "content_sha256": "88e98e9fbbe2ceddad87967e37f3539dde557816fcb5d853aaa1fc930e5ed546",
            "content_sha512": "dce7eef8891fdfa488b283da7de6f96f94771978ceac202d118426cfb5a047ecc63cacac7efd16b009fb2adf07452a5c328bcffddc38a5daa6ff136b97bffbbc",
            "directory_permission": "0777",
            "file_permission": "0600",
            "filename": "cloudstack-key.pem",
            "id": "907153d1a1249d2c0bf4fad3b5fe7f8f15ea985a",
            "sensitive_content": null,
            "source": null
          },
          "sensitive_attributes": [
            [
              {
                "type": "get_attr",
                "value": "content"
              }
            ],
            [
              {
                "type": "get_attr",
                "value": "sensitive_content"
              }
            ]
          ],
          "dependencies": [
            "tls_private_key.ssh"
          ]
        }
      ]
    },
    {
      "mode": "managed",
      "type": "tls_private_key",
      "name": "ssh",
      "provider": "provider[\"registry.terraform.io/hashicorp/tls\"]",
      "instances": [
        {
          "schema_version": 1,
          "attributes": {
            "algorithm": "RSA",
            "ecdsa_curve": "P224",
            "id": "bf95d091e3f731418d0a0991de111ebc48ee2c91",
            "private_key_openssh": "-----BEGIN OPENSSH PRIVATE KEY-----\nb3BlbnNzaC1rZXktdjEAAAAABG5vbmUAAAAEbm9uZQAAAAAAAAABAAACFwAAAAdz\nc2gtcnNhAAAAAwEAAQAAAgEAwrh3wyxqxuCQ39ssW+WRpqGoXtBe6pb9D1VL9Fuy\nHblFn6YumVia2mYNve+yrub4iPQ0X8xVctQZaeIP64LW8NrvP1NDUD4eBcFhRN08\nxSIiYDrAsOY9pYpWrVmPr2Ah4MbBWFj8VF7oJh7Kt0KqxQtQNbou8rrHbPL0VGiS\n4l9Itj3icaY+/PhFg74nF7wTM4Rv/WjmQD8Rt2SxUhlCaNE9OGmqls507fgM5GPA\nz28J1Iwqq52PDjjeZAGcb4pcVhR544Nk4SEt5hBNEe3u114HQS59rwnfuOy8KFuP\ng/egtmvfa2a3/MkhL+HmLVRRee2if7GH+8OMmIhKWnkPQU8tZi8GycS02mchFfpS\nDyoEfDG9025Ib8zCy1jfbjS2L9zE+rsfYkPh1r1TcIfGcgllNtNODJ91nUhOxnjw\nRc/2Moaj4lbjPlR0wUOKS10KgKFxdaW1bChDriGywu3GT5xfRG6J/jTweIB5eXue\nPezpULtgCVFqpdsFN2bWWSRv1JOp8iFd8Sx5azctFeLdNyI4akNXy10MOl2J1TbE\n78b5Eia16TLVTcE3jJFmiiuvzfRqq7maVp1OzzcSG75aR+DMMPSLPDaoiS3b2zKS\nErzeUX32nRivL8UVGXVxgkdLbOq0jewQG3+8rzE8eIxKnaWd/Ak6TpNb8QDzWSAC\nrJUAAAc4ua969bmvevUAAAAHc3NoLXJzYQAAAgEAwrh3wyxqxuCQ39ssW+WRpqGo\nXtBe6pb9D1VL9FuyHblFn6YumVia2mYNve+yrub4iPQ0X8xVctQZaeIP64LW8Nrv\nP1NDUD4eBcFhRN08xSIiYDrAsOY9pYpWrVmPr2Ah4MbBWFj8VF7oJh7Kt0KqxQtQ\nNbou8rrHbPL0VGiS4l9Itj3icaY+/PhFg74nF7wTM4Rv/WjmQD8Rt2SxUhlCaNE9\nOGmqls507fgM5GPAz28J1Iwqq52PDjjeZAGcb4pcVhR544Nk4SEt5hBNEe3u114H\nQS59rwnfuOy8KFuPg/egtmvfa2a3/MkhL+HmLVRRee2if7GH+8OMmIhKWnkPQU8t\nZi8GycS02mchFfpSDyoEfDG9025Ib8zCy1jfbjS2L9zE+rsfYkPh1r1TcIfGcgll\nNtNODJ91nUhOxnjwRc/2Moaj4lbjPlR0wUOKS10KgKFxdaW1bChDriGywu3GT5xf\nRG6J/jTweIB5eXuePezpULtgCVFqpdsFN2bWWSRv1JOp8iFd8Sx5azctFeLdNyI4\nakNXy10MOl2J1TbE78b5Eia16TLVTcE3jJFmiiuvzfRqq7maVp1OzzcSG75aR+DM\nMPSLPDaoiS3b2zKSErzeUX32nRivL8UVGXVxgkdLbOq0jewQG3+8rzE8eIxKnaWd\n/Ak6TpNb8QDzWSACrJUAAAADAQABAAACAEfxjB5KjPEKC70J56vUeCoO1HyjlE4s\nlzdRFo0kS/z7dSP1bIYv3JcQ2cbxhx1kLTO8tpUmk/OnNfSPF762SuAWpArLorVF\nHiaWOnANJeTYJcdULdmuV9yP7lKCIrpzVFEOXmVcC27I2hErk05+jUXcVjhjn/EC\n3af9ZBTDxnFpLx5WYxIGkIM638Q7P4pfbOC97/q7BUd7hfoyc+mXd5fupyXutJ6f\njUhXO7wutxBtQD6Nwz5BKpfgnxpoFfqILnGHgzlyVJVxgtnb7/3N4U8laJzGpp1D\nkqtqnGJ04eOqXHDKDnRKMXRug5qDZl4dJzVbfYycdVep+opo4L/otp+PMjm/MIvy\nIoFX0p/3EgXyAfHGoVCdH3jtMHJMcNYbpnsduVdFmy3NKqsyE/+piopsIp0LcxQj\nOh5w31Jy+heMc4ccpi5Ppn/KaSLc8nD3q3vom754JQHMackxdcTNgzbUsn5tAUlu\nDhWUIAULTvhN/VZat/gGbRLTvbIh1SGgerSST0mtKhsGRVWnFec3oLNi/OH6KCNm\nbjhzuRm+YHb66J+I+JZPRFf/vXPpvhI6qaRU8b5KKLQ1YJKwQbA/iM4vu7y/PUih\npRa+r1V3+gpvBFH7u+gc8uS0A1S5CyJNxUyekocnYmrSOnAZDhwk2/E5cCk8NiIK\nJc6sGmLHWexJAAABAQDf5eenXcVATuYwQTc6cRpMgADqWQWkUxHNPkWZEZNS4UJC\nmuKTicXt73k13dLGeFScbk5pEkqIKOB3SAcgP+5WT/AJEn7gdMeAWAc5uZsF8x9Y\n80oqUcUNcbCC6eW4UTa9qw6lkmf4U15rWM2DXq4BgaCw7wZzIBncL3+5cqtt7lBF\nEZBY/FwOYYdQ0CWZAPVxUF5sq2cADKXBc01Rm/UHlXnc5EZch7k1Z8QLS/J8yFhq\n+YD8cFMi1UF4eaCnYuv9jrSPQ61t7cTnja2yc6fNRQsn+MWSLrgWajVQpzoY3xU3\nHzJJd4/2U/ZxRp6xIAaqWYQ2SIr7fU3T7KGMri50AAABAQDyAuIw9cnHI1uIq25S\n0lVBKqYS2qagY0SS//vpXR7L5fHHa0f7qOgl19K4L5sJgT8CPFBbSyYSkQVhOo1L\nmtuFIjl735KLhaIHc8pWxXmdkpyRQ+OWWlzbYLK1GH+fN+qoMOSkn/EvfccqyUcq\nsbl/MfDmZSGAIlc+o708RlBSt5BCY2gyhXNVeCq+fLvxf70NQl2v4cZjJZRMmhPN\nQJzP8hZc7uHduY/I6kjmrZVbFum0+KTeeY3xGqOFE4d4SR68aAnP+jTqudCJ9Fdr\n8ozq/zh2cEABSMOi9hXVm31Azp0LFIo5gvxC4Okpx9cM8zg6MNRnkMG2+fuN5MsO\ndzOvAAABAQDN+c8lsEr2dXv3+1A5Stp+TbDmVa6bhwK0iMX0DcEZjnlfCP/KHXFL\n2tvmh+TT/TkMDe2ddRukRsBB8NAgaJEbv5KdZG5ZtC7ovxsv9APxycSZSNX/10k4\n2IUFeCHn2xU3vvNM0yAUZwu5+3WrXCp37trJz+5z6qS/AqpRZGsgHwT6ZKDDu9af\ndCdIltONLpaRNIAp4kOqGsLjGXACn8bdvgeBtvdZOYWOA0LfNDsSO2ZjSPjA4HqK\ns8H2aj4+ZsdnvPoi6rngLn1lGn5DrbpKPaWOnr7FdBCA2XYOVxgm3UqkPQR1qKZ+\nf/Aye6jNo7/HI0n3eXxHx1bithjSzQD7AAAAAAEC\n-----END OPENSSH PRIVATE KEY-----\n",
            "private_key_pem": "-----BEGIN RSA PRIVATE KEY-----\nMIIJKQIBAAKCAgEAwrh3wyxqxuCQ39ssW+WRpqGoXtBe6pb9D1VL9FuyHblFn6Yu\nmVia2mYNve+yrub4iPQ0X8xVctQZaeIP64LW8NrvP1NDUD4eBcFhRN08xSIiYDrA\nsOY9pYpWrVmPr2Ah4MbBWFj8VF7oJh7Kt0KqxQtQNbou8rrHbPL0VGiS4l9Itj3i\ncaY+/PhFg74nF7wTM4Rv/WjmQD8Rt2SxUhlCaNE9OGmqls507fgM5GPAz28J1Iwq\nq52PDjjeZAGcb4pcVhR544Nk4SEt5hBNEe3u114HQS59rwnfuOy8KFuPg/egtmvf\na2a3/MkhL+HmLVRRee2if7GH+8OMmIhKWnkPQU8tZi8GycS02mchFfpSDyoEfDG9\n025Ib8zCy1jfbjS2L9zE+rsfYkPh1r1TcIfGcgllNtNODJ91nUhOxnjwRc/2Moaj\n4lbjPlR0wUOKS10KgKFxdaW1bChDriGywu3GT5xfRG6J/jTweIB5eXuePezpULtg\nCVFqpdsFN2bWWSRv1JOp8iFd8Sx5azctFeLdNyI4akNXy10MOl2J1TbE78b5Eia1\n6TLVTcE3jJFmiiuvzfRqq7maVp1OzzcSG75aR+DMMPSLPDaoiS3b2zKSErzeUX32\nnRivL8UVGXVxgkdLbOq0jewQG3+8rzE8eIxKnaWd/Ak6TpNb8QDzWSACrJUCAwEA\nAQKCAgBH8YweSozxCgu9Ceer1HgqDtR8o5ROLJc3URaNJEv8+3Uj9WyGL9yXENnG\n8YcdZC0zvLaVJpPzpzX0jxe+tkrgFqQKy6K1RR4mljpwDSXk2CXHVC3Zrlfcj+5S\ngiK6c1RRDl5lXAtuyNoRK5NOfo1F3FY4Y5/xAt2n/WQUw8ZxaS8eVmMSBpCDOt/E\nOz+KX2zgve/6uwVHe4X6MnPpl3eX7qcl7rSen41IVzu8LrcQbUA+jcM+QSqX4J8a\naBX6iC5xh4M5clSVcYLZ2+/9zeFPJWicxqadQ5KrapxidOHjqlxwyg50SjF0boOa\ng2ZeHSc1W32MnHVXqfqKaOC/6LafjzI5vzCL8iKBV9Kf9xIF8gHxxqFQnR947TBy\nTHDWG6Z7HblXRZstzSqrMhP/qYqKbCKdC3MUIzoecN9ScvoXjHOHHKYuT6Z/ymki\n3PJw96t76Ju+eCUBzGnJMXXEzYM21LJ+bQFJbg4VlCAFC074Tf1WWrf4Bm0S072y\nIdUhoHq0kk9JrSobBkVVpxXnN6CzYvzh+igjZm44c7kZvmB2+uifiPiWT0RX/71z\n6b4SOqmkVPG+Sii0NWCSsEGwP4jOL7u8vz1IoaUWvq9Vd/oKbwRR+7voHPLktANU\nuQsiTcVMnpKHJ2Jq0jpwGQ4cJNvxOXApPDYiCiXOrBpix1nsSQKCAQEA8gLiMPXJ\nxyNbiKtuUtJVQSqmEtqmoGNEkv/76V0ey+Xxx2tH+6joJdfSuC+bCYE/AjxQW0sm\nEpEFYTqNS5rbhSI5e9+Si4WiB3PKVsV5nZKckUPjllpc22CytRh/nzfqqDDkpJ/x\nL33HKslHKrG5fzHw5mUhgCJXPqO9PEZQUreQQmNoMoVzVXgqvny78X+9DUJdr+HG\nYyWUTJoTzUCcz/IWXO7h3bmPyOpI5q2VWxbptPik3nmN8RqjhROHeEkevGgJz/o0\n6rnQifRXa/KM6v84dnBAAUjDovYV1Zt9QM6dCxSKOYL8QuDpKcfXDPM4OjDUZ5DB\ntvn7jeTLDnczrwKCAQEAzfnPJbBK9nV79/tQOUrafk2w5lWum4cCtIjF9A3BGY55\nXwj/yh1xS9rb5ofk0/05DA3tnXUbpEbAQfDQIGiRG7+SnWRuWbQu6L8bL/QD8cnE\nmUjV/9dJONiFBXgh59sVN77zTNMgFGcLuft1q1wqd+7ayc/uc+qkvwKqUWRrIB8E\n+mSgw7vWn3QnSJbTjS6WkTSAKeJDqhrC4xlwAp/G3b4Hgbb3WTmFjgNC3zQ7Ejtm\nY0j4wOB6irPB9mo+PmbHZ7z6Iuq54C59ZRp+Q626Sj2ljp6+xXQQgNl2DlcYJt1K\npD0Edaimfn/wMnuozaO/xyNJ93l8R8dW4rYY0s0A+wKCAQARjif+STYT3fq71UOx\nelR437EgWQARTmIhD7SkXv7m5408XAnitYPxitBcUAe9DsUVUm650J+4ZRCw1uB9\nBYS7CZqF49friwwP4lRhKv4BcistVnFh7LgjqcYM4PQRBqtc+/75+igyu7sA3Yzu\nCepc0bCZ5egiNVuCzbnib29QMMSkLDXYxFlzb74aB05S3GNIXPIS2hvcAVPaoqqh\nDvjRFMyOfT2hKd7GQkh7g0f8TZMyb372LHchcD9AXgRLs3IpVJqxnYLNLCF2gGT/\nDZ8vRMhBvy7FaRPX9GXtEtRpKRO3RAwq09eculfvkfGFnPcNMZGW2adTsJqQ1nHs\nYLU9AoIBAQCKoUCvYBkECgyW2dmjxeKKsaWHUVHEsbi7Y3bADOXTWpYLxZXLJcfU\nQwhP/1Se7UaQ+2ra2C/zf/70Iq0hst8/as+2CRtQWrpbwgv9WWGyQZeFh4UovXA1\nx1y4UqOXVlfQfj9ojIyBzt0QntMSs2SN9f/hZoZaFCovuQ6C23BSXS5PjJy7QFhy\nV439CC54TkvejRRZnEToXzyd9sfxrDH/ml+ZCVku/00JSN6gNZowajQ+TKXHww4W\n/mdkfxtHiotZIdLE33CdFw0kmBE1Yd8JCra759IEOVrGLhaMDkheGACdy8eNnSX5\n7AfxIlN5nGV+FR06Z9SixuKOkfrhHkMzAoIBAQDf5eenXcVATuYwQTc6cRpMgADq\nWQWkUxHNPkWZEZNS4UJCmuKTicXt73k13dLGeFScbk5pEkqIKOB3SAcgP+5WT/AJ\nEn7gdMeAWAc5uZsF8x9Y80oqUcUNcbCC6eW4UTa9qw6lkmf4U15rWM2DXq4BgaCw\n7wZzIBncL3+5cqtt7lBFEZBY/FwOYYdQ0CWZAPVxUF5sq2cADKXBc01Rm/UHlXnc\n5EZch7k1Z8QLS/J8yFhq+YD8cFMi1UF4eaCnYuv9jrSPQ61t7cTnja2yc6fNRQsn\n+MWSLrgWajVQpzoY3xU3HzJJd4/2U/ZxRp6xIAaqWYQ2SIr7fU3T7KGMri50\n-----END RSA PRIVATE KEY-----\n",
            "private_key_pem_pkcs8": "-----BEGIN PRIVATE KEY-----\nMIIJQwIBADANBgkqhkiG9w0BAQEFAASCCS0wggkpAgEAAoICAQDCuHfDLGrG4JDf\n2yxb5ZGmoahe0F7qlv0PVUv0W7IduUWfpi6ZWJraZg2977Ku5viI9DRfzFVy1Blp\n4g/rgtbw2u8/U0NQPh4FwWFE3TzFIiJgOsCw5j2lilatWY+vYCHgxsFYWPxUXugm\nHsq3QqrFC1A1ui7yusds8vRUaJLiX0i2PeJxpj78+EWDvicXvBMzhG/9aOZAPxG3\nZLFSGUJo0T04aaqWznTt+AzkY8DPbwnUjCqrnY8OON5kAZxvilxWFHnjg2ThIS3m\nEE0R7e7XXgdBLn2vCd+47LwoW4+D96C2a99rZrf8ySEv4eYtVFF57aJ/sYf7w4yY\niEpaeQ9BTy1mLwbJxLTaZyEV+lIPKgR8Mb3TbkhvzMLLWN9uNLYv3MT6ux9iQ+HW\nvVNwh8ZyCWU2004Mn3WdSE7GePBFz/YyhqPiVuM+VHTBQ4pLXQqAoXF1pbVsKEOu\nIbLC7cZPnF9Ebon+NPB4gHl5e5497OlQu2AJUWql2wU3ZtZZJG/Uk6nyIV3xLHlr\nNy0V4t03IjhqQ1fLXQw6XYnVNsTvxvkSJrXpMtVNwTeMkWaKK6/N9GqruZpWnU7P\nNxIbvlpH4Mww9Is8NqiJLdvbMpISvN5RffadGK8vxRUZdXGCR0ts6rSN7BAbf7yv\nMTx4jEqdpZ38CTpOk1vxAPNZIAKslQIDAQABAoICAEfxjB5KjPEKC70J56vUeCoO\n1HyjlE4slzdRFo0kS/z7dSP1bIYv3JcQ2cbxhx1kLTO8tpUmk/OnNfSPF762SuAW\npArLorVFHiaWOnANJeTYJcdULdmuV9yP7lKCIrpzVFEOXmVcC27I2hErk05+jUXc\nVjhjn/EC3af9ZBTDxnFpLx5WYxIGkIM638Q7P4pfbOC97/q7BUd7hfoyc+mXd5fu\npyXutJ6fjUhXO7wutxBtQD6Nwz5BKpfgnxpoFfqILnGHgzlyVJVxgtnb7/3N4U8l\naJzGpp1DkqtqnGJ04eOqXHDKDnRKMXRug5qDZl4dJzVbfYycdVep+opo4L/otp+P\nMjm/MIvyIoFX0p/3EgXyAfHGoVCdH3jtMHJMcNYbpnsduVdFmy3NKqsyE/+piops\nIp0LcxQjOh5w31Jy+heMc4ccpi5Ppn/KaSLc8nD3q3vom754JQHMackxdcTNgzbU\nsn5tAUluDhWUIAULTvhN/VZat/gGbRLTvbIh1SGgerSST0mtKhsGRVWnFec3oLNi\n/OH6KCNmbjhzuRm+YHb66J+I+JZPRFf/vXPpvhI6qaRU8b5KKLQ1YJKwQbA/iM4v\nu7y/PUihpRa+r1V3+gpvBFH7u+gc8uS0A1S5CyJNxUyekocnYmrSOnAZDhwk2/E5\ncCk8NiIKJc6sGmLHWexJAoIBAQDyAuIw9cnHI1uIq25S0lVBKqYS2qagY0SS//vp\nXR7L5fHHa0f7qOgl19K4L5sJgT8CPFBbSyYSkQVhOo1LmtuFIjl735KLhaIHc8pW\nxXmdkpyRQ+OWWlzbYLK1GH+fN+qoMOSkn/EvfccqyUcqsbl/MfDmZSGAIlc+o708\nRlBSt5BCY2gyhXNVeCq+fLvxf70NQl2v4cZjJZRMmhPNQJzP8hZc7uHduY/I6kjm\nrZVbFum0+KTeeY3xGqOFE4d4SR68aAnP+jTqudCJ9Fdr8ozq/zh2cEABSMOi9hXV\nm31Azp0LFIo5gvxC4Okpx9cM8zg6MNRnkMG2+fuN5MsOdzOvAoIBAQDN+c8lsEr2\ndXv3+1A5Stp+TbDmVa6bhwK0iMX0DcEZjnlfCP/KHXFL2tvmh+TT/TkMDe2ddRuk\nRsBB8NAgaJEbv5KdZG5ZtC7ovxsv9APxycSZSNX/10k42IUFeCHn2xU3vvNM0yAU\nZwu5+3WrXCp37trJz+5z6qS/AqpRZGsgHwT6ZKDDu9afdCdIltONLpaRNIAp4kOq\nGsLjGXACn8bdvgeBtvdZOYWOA0LfNDsSO2ZjSPjA4HqKs8H2aj4+ZsdnvPoi6rng\nLn1lGn5DrbpKPaWOnr7FdBCA2XYOVxgm3UqkPQR1qKZ+f/Aye6jNo7/HI0n3eXxH\nx1bithjSzQD7AoIBABGOJ/5JNhPd+rvVQ7F6VHjfsSBZABFOYiEPtKRe/ubnjTxc\nCeK1g/GK0FxQB70OxRVSbrnQn7hlELDW4H0FhLsJmoXj1+uLDA/iVGEq/gFyKy1W\ncWHsuCOpxgzg9BEGq1z7/vn6KDK7uwDdjO4J6lzRsJnl6CI1W4LNueJvb1AwxKQs\nNdjEWXNvvhoHTlLcY0hc8hLaG9wBU9qiqqEO+NEUzI59PaEp3sZCSHuDR/xNkzJv\nfvYsdyFwP0BeBEuzcilUmrGdgs0sIXaAZP8Nny9EyEG/LsVpE9f0Ze0S1GkpE7dE\nDCrT15y6V++R8YWc9w0xkZbZp1OwmpDWcexgtT0CggEBAIqhQK9gGQQKDJbZ2aPF\n4oqxpYdRUcSxuLtjdsAM5dNalgvFlcslx9RDCE//VJ7tRpD7atrYL/N//vQirSGy\n3z9qz7YJG1BaulvCC/1ZYbJBl4WHhSi9cDXHXLhSo5dWV9B+P2iMjIHO3RCe0xKz\nZI31/+FmhloUKi+5DoLbcFJdLk+MnLtAWHJXjf0ILnhOS96NFFmcROhfPJ32x/Gs\nMf+aX5kJWS7/TQlI3qA1mjBqND5MpcfDDhb+Z2R/G0eKi1kh0sTfcJ0XDSSYETVh\n3wkKtrvn0gQ5WsYuFowOSF4YAJ3Lx42dJfnsB/EiU3mcZX4VHTpn1KLG4o6R+uEe\nQzMCggEBAN/l56ddxUBO5jBBNzpxGkyAAOpZBaRTEc0+RZkRk1LhQkKa4pOJxe3v\neTXd0sZ4VJxuTmkSSogo4HdIByA/7lZP8AkSfuB0x4BYBzm5mwXzH1jzSipRxQ1x\nsILp5bhRNr2rDqWSZ/hTXmtYzYNergGBoLDvBnMgGdwvf7lyq23uUEURkFj8XA5h\nh1DQJZkA9XFQXmyrZwAMpcFzTVGb9QeVedzkRlyHuTVnxAtL8nzIWGr5gPxwUyLV\nQXh5oKdi6/2OtI9DrW3txOeNrbJzp81FCyf4xZIuuBZqNVCnOhjfFTcfMkl3j/ZT\n9nFGnrEgBqpZhDZIivt9TdPsoYyuLnQ=\n-----END PRIVATE KEY-----\n",
            "public_key_fingerprint_md5": "61:f2:21:f6:82:19:b9:84:51:de:e0:4e:95:e5:b2:57",
            "public_key_fingerprint_sha256": "SHA256:aIAnUxOOYYUYUinBbhukoAzQ5eERVhQJan7XmgKRz04",
            "public_key_openssh": "ssh-rsa AAAAB3NzaC1yc2EAAAADAQABAAACAQDCuHfDLGrG4JDf2yxb5ZGmoahe0F7qlv0PVUv0W7IduUWfpi6ZWJraZg2977Ku5viI9DRfzFVy1Blp4g/rgtbw2u8/U0NQPh4FwWFE3TzFIiJgOsCw5j2lilatWY+vYCHgxsFYWPxUXugmHsq3QqrFC1A1ui7yusds8vRUaJLiX0i2PeJxpj78+EWDvicXvBMzhG/9aOZAPxG3ZLFSGUJo0T04aaqWznTt+AzkY8DPbwnUjCqrnY8OON5kAZxvilxWFHnjg2ThIS3mEE0R7e7XXgdBLn2vCd+47LwoW4+D96C2a99rZrf8ySEv4eYtVFF57aJ/sYf7w4yYiEpaeQ9BTy1mLwbJxLTaZyEV+lIPKgR8Mb3TbkhvzMLLWN9uNLYv3MT6ux9iQ+HWvVNwh8ZyCWU2004Mn3WdSE7GePBFz/YyhqPiVuM+VHTBQ4pLXQqAoXF1pbVsKEOuIbLC7cZPnF9Ebon+NPB4gHl5e5497OlQu2AJUWql2wU3ZtZZJG/Uk6nyIV3xLHlrNy0V4t03IjhqQ1fLXQw6XYnVNsTvxvkSJrXpMtVNwTeMkWaKK6/N9GqruZpWnU7PNxIbvlpH4Mww9Is8NqiJLdvbMpISvN5RffadGK8vxRUZdXGCR0ts6rSN7BAbf7yvMTx4jEqdpZ38CTpOk1vxAPNZIAKslQ==\n",
            "public_key_pem": "-----BEGIN PUBLIC KEY-----\nMIICIjANBgkqhkiG9w0BAQEFAAOCAg8AMIICCgKCAgEAwrh3wyxqxuCQ39ssW+WR\npqGoXtBe6pb9D1VL9FuyHblFn6YumVia2mYNve+yrub4iPQ0X8xVctQZaeIP64LW\n8NrvP1NDUD4eBcFhRN08xSIiYDrAsOY9pYpWrVmPr2Ah4MbBWFj8VF7oJh7Kt0Kq\nxQtQNbou8rrHbPL0VGiS4l9Itj3icaY+/PhFg74nF7wTM4Rv/WjmQD8Rt2SxUhlC\naNE9OGmqls507fgM5GPAz28J1Iwqq52PDjjeZAGcb4pcVhR544Nk4SEt5hBNEe3u\n114HQS59rwnfuOy8KFuPg/egtmvfa2a3/MkhL+HmLVRRee2if7GH+8OMmIhKWnkP\nQU8tZi8GycS02mchFfpSDyoEfDG9025Ib8zCy1jfbjS2L9zE+rsfYkPh1r1TcIfG\ncgllNtNODJ91nUhOxnjwRc/2Moaj4lbjPlR0wUOKS10KgKFxdaW1bChDriGywu3G\nT5xfRG6J/jTweIB5eXuePezpULtgCVFqpdsFN2bWWSRv1JOp8iFd8Sx5azctFeLd\nNyI4akNXy10MOl2J1TbE78b5Eia16TLVTcE3jJFmiiuvzfRqq7maVp1OzzcSG75a\nR+DMMPSLPDaoiS3b2zKSErzeUX32nRivL8UVGXVxgkdLbOq0jewQG3+8rzE8eIxK\nnaWd/Ak6TpNb8QDzWSACrJUCAwEAAQ==\n-----END PUBLIC KEY-----\n",
            "rsa_bits": 4096
          },
          "sensitive_attributes": [
            [
              {
                "type": "get_attr",
                "value": "private_key_pem"
              }
            ],
            [
              {
                "type": "get_attr",
                "value": "private_key_pem_pkcs8"
              }
            ],
            [
              {
                "type": "get_attr",
                "value": "private_key_openssh"
              }
            ]
          ]
        }
      ]
    }
  ],
  "check_results": null
}
